// !$*UTF8*$!
{
	archiveVersion = 1;
	classes = {
	};
	objectVersion = 46;
	objects = {

/* Begin PBXBuildFile section */
		A04EC98B1E688900007F6203 /* DraggedImageView.swift in Sources */ = {isa = PBXBuildFile; fileRef = A04EC98A1E688900007F6203 /* DraggedImageView.swift */; };
		A05142331E623A81007D3892 /* apple.png in Resources */ = {isa = PBXBuildFile; fileRef = A05142231E623A81007D3892 /* apple.png */; };
		A05142341E623A81007D3892 /* number0.png in Resources */ = {isa = PBXBuildFile; fileRef = A05142241E623A81007D3892 /* number0.png */; };
		A05142351E623A81007D3892 /* number1.png in Resources */ = {isa = PBXBuildFile; fileRef = A05142251E623A81007D3892 /* number1.png */; };
		A05142361E623A81007D3892 /* number2.png in Resources */ = {isa = PBXBuildFile; fileRef = A05142261E623A81007D3892 /* number2.png */; };
		A05142371E623A81007D3892 /* number3.png in Resources */ = {isa = PBXBuildFile; fileRef = A05142271E623A81007D3892 /* number3.png */; };
		A05142381E623A81007D3892 /* number4.png in Resources */ = {isa = PBXBuildFile; fileRef = A05142281E623A81007D3892 /* number4.png */; };
		A05142391E623A81007D3892 /* number5.png in Resources */ = {isa = PBXBuildFile; fileRef = A05142291E623A81007D3892 /* number5.png */; };
		A051423A1E623A81007D3892 /* number6.png in Resources */ = {isa = PBXBuildFile; fileRef = A051422A1E623A81007D3892 /* number6.png */; };
		A051423B1E623A81007D3892 /* number7.png in Resources */ = {isa = PBXBuildFile; fileRef = A051422B1E623A81007D3892 /* number7.png */; };
		A051423C1E623A81007D3892 /* number8.png in Resources */ = {isa = PBXBuildFile; fileRef = A051422C1E623A81007D3892 /* number8.png */; };
		A051423D1E623A81007D3892 /* number9.png in Resources */ = {isa = PBXBuildFile; fileRef = A051422D1E623A81007D3892 /* number9.png */; };
		A051423E1E623A81007D3892 /* plate_white.png in Resources */ = {isa = PBXBuildFile; fileRef = A051422E1E623A81007D3892 /* plate_white.png */; };
		A051423F1E623A81007D3892 /* plate.png in Resources */ = {isa = PBXBuildFile; fileRef = A051422F1E623A81007D3892 /* plate.png */; };
		A05142401E623A81007D3892 /* play_again.png in Resources */ = {isa = PBXBuildFile; fileRef = A05142301E623A81007D3892 /* play_again.png */; };
		A05142411E623A81007D3892 /* star_kids.png in Resources */ = {isa = PBXBuildFile; fileRef = A05142311E623A81007D3892 /* star_kids.png */; };
		A05142421E623A81007D3892 /* thumbs_up.png in Resources */ = {isa = PBXBuildFile; fileRef = A05142321E623A81007D3892 /* thumbs_up.png */; };
		A0E9E88A1E439F3400956CE9 /* AppDelegate.swift in Sources */ = {isa = PBXBuildFile; fileRef = A0E9E8891E439F3400956CE9 /* AppDelegate.swift */; };
		A0E9E88C1E439F3400956CE9 /* ViewController.swift in Sources */ = {isa = PBXBuildFile; fileRef = A0E9E88B1E439F3400956CE9 /* ViewController.swift */; };
		A0E9E88F1E439F3400956CE9 /* Main.storyboard in Resources */ = {isa = PBXBuildFile; fileRef = A0E9E88D1E439F3400956CE9 /* Main.storyboard */; };
		A0E9E8911E439F3400956CE9 /* Assets.xcassets in Resources */ = {isa = PBXBuildFile; fileRef = A0E9E8901E439F3400956CE9 /* Assets.xcassets */; };
		A0E9E8941E439F3400956CE9 /* LaunchScreen.storyboard in Resources */ = {isa = PBXBuildFile; fileRef = A0E9E8921E439F3400956CE9 /* LaunchScreen.storyboard */; };
		A0E9E89F1E439F3400956CE9 /* FK_Simple_CalculatorTests.swift in Sources */ = {isa = PBXBuildFile; fileRef = A0E9E89E1E439F3400956CE9 /* FK_Simple_CalculatorTests.swift */; };
		A0E9E8AA1E439F3400956CE9 /* FK_Simple_CalculatorUITests.swift in Sources */ = {isa = PBXBuildFile; fileRef = A0E9E8A91E439F3400956CE9 /* FK_Simple_CalculatorUITests.swift */; };
/* End PBXBuildFile section */

/* Begin PBXContainerItemProxy section */
		A0E9E89B1E439F3400956CE9 /* PBXContainerItemProxy */ = {
			isa = PBXContainerItemProxy;
			containerPortal = A0E9E87E1E439F3400956CE9 /* Project object */;
			proxyType = 1;
			remoteGlobalIDString = A0E9E8851E439F3400956CE9;
			remoteInfo = FK_Simple_Calculator;
		};
		A0E9E8A61E439F3400956CE9 /* PBXContainerItemProxy */ = {
			isa = PBXContainerItemProxy;
			containerPortal = A0E9E87E1E439F3400956CE9 /* Project object */;
			proxyType = 1;
			remoteGlobalIDString = A0E9E8851E439F3400956CE9;
			remoteInfo = FK_Simple_Calculator;
		};
/* End PBXContainerItemProxy section */

/* Begin PBXFileReference section */
		A04EC98A1E688900007F6203 /* DraggedImageView.swift */ = {isa = PBXFileReference; fileEncoding = 4; lastKnownFileType = sourcecode.swift; path = DraggedImageView.swift; sourceTree = "<group>"; };
		A05142231E623A81007D3892 /* apple.png */ = {isa = PBXFileReference; lastKnownFileType = image.png; name = apple.png; path = images/apple.png; sourceTree = SOURCE_ROOT; };
		A05142241E623A81007D3892 /* number0.png */ = {isa = PBXFileReference; lastKnownFileType = image.png; name = number0.png; path = images/number0.png; sourceTree = SOURCE_ROOT; };
		A05142251E623A81007D3892 /* number1.png */ = {isa = PBXFileReference; lastKnownFileType = image.png; name = number1.png; path = images/number1.png; sourceTree = SOURCE_ROOT; };
		A05142261E623A81007D3892 /* number2.png */ = {isa = PBXFileReference; lastKnownFileType = image.png; name = number2.png; path = images/number2.png; sourceTree = SOURCE_ROOT; };
		A05142271E623A81007D3892 /* number3.png */ = {isa = PBXFileReference; lastKnownFileType = image.png; name = number3.png; path = images/number3.png; sourceTree = SOURCE_ROOT; };
		A05142281E623A81007D3892 /* number4.png */ = {isa = PBXFileReference; lastKnownFileType = image.png; name = number4.png; path = images/number4.png; sourceTree = SOURCE_ROOT; };
		A05142291E623A81007D3892 /* number5.png */ = {isa = PBXFileReference; lastKnownFileType = image.png; name = number5.png; path = images/number5.png; sourceTree = SOURCE_ROOT; };
		A051422A1E623A81007D3892 /* number6.png */ = {isa = PBXFileReference; lastKnownFileType = image.png; name = number6.png; path = images/number6.png; sourceTree = SOURCE_ROOT; };
		A051422B1E623A81007D3892 /* number7.png */ = {isa = PBXFileReference; lastKnownFileType = image.png; name = number7.png; path = images/number7.png; sourceTree = SOURCE_ROOT; };
		A051422C1E623A81007D3892 /* number8.png */ = {isa = PBXFileReference; lastKnownFileType = image.png; name = number8.png; path = images/number8.png; sourceTree = SOURCE_ROOT; };
		A051422D1E623A81007D3892 /* number9.png */ = {isa = PBXFileReference; lastKnownFileType = image.png; name = number9.png; path = images/number9.png; sourceTree = SOURCE_ROOT; };
		A051422E1E623A81007D3892 /* plate_white.png */ = {isa = PBXFileReference; lastKnownFileType = image.png; name = plate_white.png; path = images/plate_white.png; sourceTree = SOURCE_ROOT; };
		A051422F1E623A81007D3892 /* plate.png */ = {isa = PBXFileReference; lastKnownFileType = image.png; name = plate.png; path = images/plate.png; sourceTree = SOURCE_ROOT; };
		A05142301E623A81007D3892 /* play_again.png */ = {isa = PBXFileReference; lastKnownFileType = image.png; name = play_again.png; path = images/play_again.png; sourceTree = SOURCE_ROOT; };
		A05142311E623A81007D3892 /* star_kids.png */ = {isa = PBXFileReference; lastKnownFileType = image.png; name = star_kids.png; path = images/star_kids.png; sourceTree = SOURCE_ROOT; };
		A05142321E623A81007D3892 /* thumbs_up.png */ = {isa = PBXFileReference; lastKnownFileType = image.png; name = thumbs_up.png; path = images/thumbs_up.png; sourceTree = SOURCE_ROOT; };
		A0E9E8861E439F3400956CE9 /* FK_Simple_Calculator.app */ = {isa = PBXFileReference; explicitFileType = wrapper.application; includeInIndex = 0; path = FK_Simple_Calculator.app; sourceTree = BUILT_PRODUCTS_DIR; };
		A0E9E8891E439F3400956CE9 /* AppDelegate.swift */ = {isa = PBXFileReference; lastKnownFileType = sourcecode.swift; path = AppDelegate.swift; sourceTree = "<group>"; };
		A0E9E88B1E439F3400956CE9 /* ViewController.swift */ = {isa = PBXFileReference; lastKnownFileType = sourcecode.swift; path = ViewController.swift; sourceTree = "<group>"; };
		A0E9E88E1E439F3400956CE9 /* Base */ = {isa = PBXFileReference; lastKnownFileType = file.storyboard; name = Base; path = Base.lproj/Main.storyboard; sourceTree = "<group>"; };
		A0E9E8901E439F3400956CE9 /* Assets.xcassets */ = {isa = PBXFileReference; lastKnownFileType = folder.assetcatalog; path = Assets.xcassets; sourceTree = "<group>"; };
		A0E9E8931E439F3400956CE9 /* Base */ = {isa = PBXFileReference; lastKnownFileType = file.storyboard; name = Base; path = Base.lproj/LaunchScreen.storyboard; sourceTree = "<group>"; };
		A0E9E8951E439F3400956CE9 /* Info.plist */ = {isa = PBXFileReference; lastKnownFileType = text.plist.xml; path = Info.plist; sourceTree = "<group>"; };
		A0E9E89A1E439F3400956CE9 /* FK_Simple_CalculatorTests.xctest */ = {isa = PBXFileReference; explicitFileType = wrapper.cfbundle; includeInIndex = 0; path = FK_Simple_CalculatorTests.xctest; sourceTree = BUILT_PRODUCTS_DIR; };
		A0E9E89E1E439F3400956CE9 /* FK_Simple_CalculatorTests.swift */ = {isa = PBXFileReference; lastKnownFileType = sourcecode.swift; path = FK_Simple_CalculatorTests.swift; sourceTree = "<group>"; };
		A0E9E8A01E439F3400956CE9 /* Info.plist */ = {isa = PBXFileReference; lastKnownFileType = text.plist.xml; path = Info.plist; sourceTree = "<group>"; };
		A0E9E8A51E439F3400956CE9 /* FK_Simple_CalculatorUITests.xctest */ = {isa = PBXFileReference; explicitFileType = wrapper.cfbundle; includeInIndex = 0; path = FK_Simple_CalculatorUITests.xctest; sourceTree = BUILT_PRODUCTS_DIR; };
		A0E9E8A91E439F3400956CE9 /* FK_Simple_CalculatorUITests.swift */ = {isa = PBXFileReference; lastKnownFileType = sourcecode.swift; path = FK_Simple_CalculatorUITests.swift; sourceTree = "<group>"; };
		A0E9E8AB1E439F3400956CE9 /* Info.plist */ = {isa = PBXFileReference; lastKnownFileType = text.plist.xml; path = Info.plist; sourceTree = "<group>"; };
/* End PBXFileReference section */

/* Begin PBXFrameworksBuildPhase section */
		A0E9E8831E439F3400956CE9 /* Frameworks */ = {
			isa = PBXFrameworksBuildPhase;
			buildActionMask = 2147483647;
			files = (
			);
			runOnlyForDeploymentPostprocessing = 0;
		};
		A0E9E8971E439F3400956CE9 /* Frameworks */ = {
			isa = PBXFrameworksBuildPhase;
			buildActionMask = 2147483647;
			files = (
			);
			runOnlyForDeploymentPostprocessing = 0;
		};
		A0E9E8A21E439F3400956CE9 /* Frameworks */ = {
			isa = PBXFrameworksBuildPhase;
			buildActionMask = 2147483647;
			files = (
			);
			runOnlyForDeploymentPostprocessing = 0;
		};
/* End PBXFrameworksBuildPhase section */

/* Begin PBXGroup section */
		A0E9E87D1E439F3400956CE9 = {
			isa = PBXGroup;
			children = (
				A0E9E8881E439F3400956CE9 /* FK_Simple_Calculator */,
				A0E9E89D1E439F3400956CE9 /* FK_Simple_CalculatorTests */,
				A0E9E8A81E439F3400956CE9 /* FK_Simple_CalculatorUITests */,
				A0E9E8871E439F3400956CE9 /* Products */,
			);
			sourceTree = "<group>";
		};
		A0E9E8871E439F3400956CE9 /* Products */ = {
			isa = PBXGroup;
			children = (
				A0E9E8861E439F3400956CE9 /* FK_Simple_Calculator.app */,
				A0E9E89A1E439F3400956CE9 /* FK_Simple_CalculatorTests.xctest */,
				A0E9E8A51E439F3400956CE9 /* FK_Simple_CalculatorUITests.xctest */,
			);
			name = Products;
			sourceTree = "<group>";
		};
		A0E9E8881E439F3400956CE9 /* FK_Simple_Calculator */ = {
			isa = PBXGroup;
			children = (
				A05142231E623A81007D3892 /* apple.png */,
				A05142241E623A81007D3892 /* number0.png */,
				A05142251E623A81007D3892 /* number1.png */,
				A05142261E623A81007D3892 /* number2.png */,
				A05142271E623A81007D3892 /* number3.png */,
				A05142281E623A81007D3892 /* number4.png */,
				A05142291E623A81007D3892 /* number5.png */,
				A051422A1E623A81007D3892 /* number6.png */,
				A051422B1E623A81007D3892 /* number7.png */,
				A051422C1E623A81007D3892 /* number8.png */,
				A051422D1E623A81007D3892 /* number9.png */,
				A051422E1E623A81007D3892 /* plate_white.png */,
				A051422F1E623A81007D3892 /* plate.png */,
				A05142301E623A81007D3892 /* play_again.png */,
				A05142311E623A81007D3892 /* star_kids.png */,
				A05142321E623A81007D3892 /* thumbs_up.png */,
				A0E9E8891E439F3400956CE9 /* AppDelegate.swift */,
				A0E9E88B1E439F3400956CE9 /* ViewController.swift */,
				A0E9E88D1E439F3400956CE9 /* Main.storyboard */,
				A04EC98A1E688900007F6203 /* DraggedImageView.swift */,
				A0E9E8901E439F3400956CE9 /* Assets.xcassets */,
				A0E9E8921E439F3400956CE9 /* LaunchScreen.storyboard */,
				A0E9E8951E439F3400956CE9 /* Info.plist */,
			);
			path = FK_Simple_Calculator;
			sourceTree = "<group>";
		};
		A0E9E89D1E439F3400956CE9 /* FK_Simple_CalculatorTests */ = {
			isa = PBXGroup;
			children = (
				A0E9E89E1E439F3400956CE9 /* FK_Simple_CalculatorTests.swift */,
				A0E9E8A01E439F3400956CE9 /* Info.plist */,
			);
			path = FK_Simple_CalculatorTests;
			sourceTree = "<group>";
		};
		A0E9E8A81E439F3400956CE9 /* FK_Simple_CalculatorUITests */ = {
			isa = PBXGroup;
			children = (
				A0E9E8A91E439F3400956CE9 /* FK_Simple_CalculatorUITests.swift */,
				A0E9E8AB1E439F3400956CE9 /* Info.plist */,
			);
			path = FK_Simple_CalculatorUITests;
			sourceTree = "<group>";
		};
/* End PBXGroup section */

/* Begin PBXNativeTarget section */
		A0E9E8851E439F3400956CE9 /* FK_Simple_Calculator */ = {
			isa = PBXNativeTarget;
			buildConfigurationList = A0E9E8AE1E439F3400956CE9 /* Build configuration list for PBXNativeTarget "FK_Simple_Calculator" */;
			buildPhases = (
				A0E9E8821E439F3400956CE9 /* Sources */,
				A0E9E8831E439F3400956CE9 /* Frameworks */,
				A0E9E8841E439F3400956CE9 /* Resources */,
			);
			buildRules = (
			);
			dependencies = (
			);
			name = FK_Simple_Calculator;
			productName = FK_Simple_Calculator;
			productReference = A0E9E8861E439F3400956CE9 /* FK_Simple_Calculator.app */;
			productType = "com.apple.product-type.application";
		};
		A0E9E8991E439F3400956CE9 /* FK_Simple_CalculatorTests */ = {
			isa = PBXNativeTarget;
			buildConfigurationList = A0E9E8B11E439F3400956CE9 /* Build configuration list for PBXNativeTarget "FK_Simple_CalculatorTests" */;
			buildPhases = (
				A0E9E8961E439F3400956CE9 /* Sources */,
				A0E9E8971E439F3400956CE9 /* Frameworks */,
				A0E9E8981E439F3400956CE9 /* Resources */,
			);
			buildRules = (
			);
			dependencies = (
				A0E9E89C1E439F3400956CE9 /* PBXTargetDependency */,
			);
			name = FK_Simple_CalculatorTests;
			productName = FK_Simple_CalculatorTests;
			productReference = A0E9E89A1E439F3400956CE9 /* FK_Simple_CalculatorTests.xctest */;
			productType = "com.apple.product-type.bundle.unit-test";
		};
		A0E9E8A41E439F3400956CE9 /* FK_Simple_CalculatorUITests */ = {
			isa = PBXNativeTarget;
			buildConfigurationList = A0E9E8B41E439F3400956CE9 /* Build configuration list for PBXNativeTarget "FK_Simple_CalculatorUITests" */;
			buildPhases = (
				A0E9E8A11E439F3400956CE9 /* Sources */,
				A0E9E8A21E439F3400956CE9 /* Frameworks */,
				A0E9E8A31E439F3400956CE9 /* Resources */,
			);
			buildRules = (
			);
			dependencies = (
				A0E9E8A71E439F3400956CE9 /* PBXTargetDependency */,
			);
			name = FK_Simple_CalculatorUITests;
			productName = FK_Simple_CalculatorUITests;
			productReference = A0E9E8A51E439F3400956CE9 /* FK_Simple_CalculatorUITests.xctest */;
			productType = "com.apple.product-type.bundle.ui-testing";
		};
/* End PBXNativeTarget section */

/* Begin PBXProject section */
		A0E9E87E1E439F3400956CE9 /* Project object */ = {
			isa = PBXProject;
			attributes = {
				LastSwiftUpdateCheck = 0730;
				LastUpgradeCheck = 0730;
				ORGANIZATIONNAME = fk16aau;
				TargetAttributes = {
					A0E9E8851E439F3400956CE9 = {
						CreatedOnToolsVersion = 7.3.1;
					};
					A0E9E8991E439F3400956CE9 = {
						CreatedOnToolsVersion = 7.3.1;
						TestTargetID = A0E9E8851E439F3400956CE9;
					};
					A0E9E8A41E439F3400956CE9 = {
						CreatedOnToolsVersion = 7.3.1;
						TestTargetID = A0E9E8851E439F3400956CE9;
					};
				};
			};
			buildConfigurationList = A0E9E8811E439F3400956CE9 /* Build configuration list for PBXProject "FK_Simple_Calculator" */;
			compatibilityVersion = "Xcode 3.2";
			developmentRegion = English;
			hasScannedForEncodings = 0;
			knownRegions = (
				en,
				Base,
			);
			mainGroup = A0E9E87D1E439F3400956CE9;
			productRefGroup = A0E9E8871E439F3400956CE9 /* Products */;
			projectDirPath = "";
			projectRoot = "";
			targets = (
				A0E9E8851E439F3400956CE9 /* FK_Simple_Calculator */,
				A0E9E8991E439F3400956CE9 /* FK_Simple_CalculatorTests */,
				A0E9E8A41E439F3400956CE9 /* FK_Simple_CalculatorUITests */,
			);
		};
/* End PBXProject section */

/* Begin PBXResourcesBuildPhase section */
		A0E9E8841E439F3400956CE9 /* Resources */ = {
			isa = PBXResourcesBuildPhase;
			buildActionMask = 2147483647;
			files = (
				A0E9E8941E439F3400956CE9 /* LaunchScreen.storyboard in Resources */,
				A051423C1E623A81007D3892 /* number8.png in Resources */,
				A051423F1E623A81007D3892 /* plate.png in Resources */,
				A0E9E8911E439F3400956CE9 /* Assets.xcassets in Resources */,
				A051423B1E623A81007D3892 /* number7.png in Resources */,
				A05142391E623A81007D3892 /* number5.png in Resources */,
				A05142371E623A81007D3892 /* number3.png in Resources */,
				A051423E1E623A81007D3892 /* plate_white.png in Resources */,
				A05142351E623A81007D3892 /* number1.png in Resources */,
				A05142341E623A81007D3892 /* number0.png in Resources */,
				A05142381E623A81007D3892 /* number4.png in Resources */,
				A05142331E623A81007D3892 /* apple.png in Resources */,
				A05142361E623A81007D3892 /* number2.png in Resources */,
				A0E9E88F1E439F3400956CE9 /* Main.storyboard in Resources */,
				A051423D1E623A81007D3892 /* number9.png in Resources */,
				A05142421E623A81007D3892 /* thumbs_up.png in Resources */,
				A051423A1E623A81007D3892 /* number6.png in Resources */,
				A05142411E623A81007D3892 /* star_kids.png in Resources */,
				A05142401E623A81007D3892 /* play_again.png in Resources */,
			);
			runOnlyForDeploymentPostprocessing = 0;
		};
		A0E9E8981E439F3400956CE9 /* Resources */ = {
			isa = PBXResourcesBuildPhase;
			buildActionMask = 2147483647;
			files = (
			);
			runOnlyForDeploymentPostprocessing = 0;
		};
		A0E9E8A31E439F3400956CE9 /* Resources */ = {
			isa = PBXResourcesBuildPhase;
			buildActionMask = 2147483647;
			files = (
			);
			runOnlyForDeploymentPostprocessing = 0;
		};
/* End PBXResourcesBuildPhase section */

/* Begin PBXSourcesBuildPhase section */
		A0E9E8821E439F3400956CE9 /* Sources */ = {
			isa = PBXSourcesBuildPhase;
			buildActionMask = 2147483647;
			files = (
				A0E9E88C1E439F3400956CE9 /* ViewController.swift in Sources */,
				A04EC98B1E688900007F6203 /* DraggedImageView.swift in Sources */,
				A0E9E88A1E439F3400956CE9 /* AppDelegate.swift in Sources */,
			);
			runOnlyForDeploymentPostprocessing = 0;
		};
		A0E9E8961E439F3400956CE9 /* Sources */ = {
			isa = PBXSourcesBuildPhase;
			buildActionMask = 2147483647;
			files = (
				A0E9E89F1E439F3400956CE9 /* FK_Simple_CalculatorTests.swift in Sources */,
			);
			runOnlyForDeploymentPostprocessing = 0;
		};
		A0E9E8A11E439F3400956CE9 /* Sources */ = {
			isa = PBXSourcesBuildPhase;
			buildActionMask = 2147483647;
			files = (
				A0E9E8AA1E439F3400956CE9 /* FK_Simple_CalculatorUITests.swift in Sources */,
			);
			runOnlyForDeploymentPostprocessing = 0;
		};
/* End PBXSourcesBuildPhase section */

/* Begin PBXTargetDependency section */
		A0E9E89C1E439F3400956CE9 /* PBXTargetDependency */ = {
			isa = PBXTargetDependency;
			target = A0E9E8851E439F3400956CE9 /* FK_Simple_Calculator */;
			targetProxy = A0E9E89B1E439F3400956CE9 /* PBXContainerItemProxy */;
		};
		A0E9E8A71E439F3400956CE9 /* PBXTargetDependency */ = {
			isa = PBXTargetDependency;
			target = A0E9E8851E439F3400956CE9 /* FK_Simple_Calculator */;
			targetProxy = A0E9E8A61E439F3400956CE9 /* PBXContainerItemProxy */;
		};
/* End PBXTargetDependency section */

/* Begin PBXVariantGroup section */
		A0E9E88D1E439F3400956CE9 /* Main.storyboard */ = {
			isa = PBXVariantGroup;
			children = (
				A0E9E88E1E439F3400956CE9 /* Base */,
			);
			name = Main.storyboard;
			sourceTree = "<group>";
		};
		A0E9E8921E439F3400956CE9 /* LaunchScreen.storyboard */ = {
			isa = PBXVariantGroup;
			children = (
				A0E9E8931E439F3400956CE9 /* Base */,
			);
			name = LaunchScreen.storyboard;
			sourceTree = "<group>";
		};
/* End PBXVariantGroup section */

/* Begin XCBuildConfiguration section */
		A0E9E8AC1E439F3400956CE9 /* Debug */ = {
			isa = XCBuildConfiguration;
			buildSettings = {
				ALWAYS_SEARCH_USER_PATHS = NO;
				CLANG_ANALYZER_NONNULL = YES;
				CLANG_CXX_LANGUAGE_STANDARD = "gnu++0x";
				CLANG_CXX_LIBRARY = "libc++";
				CLANG_ENABLE_MODULES = YES;
				CLANG_ENABLE_OBJC_ARC = YES;
				CLANG_WARN_BOOL_CONVERSION = YES;
				CLANG_WARN_CONSTANT_CONVERSION = YES;
				CLANG_WARN_DIRECT_OBJC_ISA_USAGE = YES_ERROR;
				CLANG_WARN_EMPTY_BODY = YES;
				CLANG_WARN_ENUM_CONVERSION = YES;
				CLANG_WARN_INT_CONVERSION = YES;
				CLANG_WARN_OBJC_ROOT_CLASS = YES_ERROR;
				CLANG_WARN_UNREACHABLE_CODE = YES;
				CLANG_WARN__DUPLICATE_METHOD_MATCH = YES;
				"CODE_SIGN_IDENTITY[sdk=iphoneos*]" = "iPhone Developer";
				COPY_PHASE_STRIP = NO;
				DEBUG_INFORMATION_FORMAT = dwarf;
				ENABLE_STRICT_OBJC_MSGSEND = YES;
				ENABLE_TESTABILITY = YES;
				GCC_C_LANGUAGE_STANDARD = gnu99;
				GCC_DYNAMIC_NO_PIC = NO;
				GCC_NO_COMMON_BLOCKS = YES;
				GCC_OPTIMIZATION_LEVEL = 0;
				GCC_PREPROCESSOR_DEFINITIONS = (
					"DEBUG=1",
					"$(inherited)",
				);
				GCC_WARN_64_TO_32_BIT_CONVERSION = YES;
				GCC_WARN_ABOUT_RETURN_TYPE = YES_ERROR;
				GCC_WARN_UNDECLARED_SELECTOR = YES;
				GCC_WARN_UNINITIALIZED_AUTOS = YES_AGGRESSIVE;
				GCC_WARN_UNUSED_FUNCTION = YES;
				GCC_WARN_UNUSED_VARIABLE = YES;
				IPHONEOS_DEPLOYMENT_TARGET = 9.3;
				MTL_ENABLE_DEBUG_INFO = YES;
				ONLY_ACTIVE_ARCH = YES;
				SDKROOT = iphoneos;
				SWIFT_OPTIMIZATION_LEVEL = "-Onone";
				TARGETED_DEVICE_FAMILY = "1,2";
			};
			name = Debug;
		};
		A0E9E8AD1E439F3400956CE9 /* Release */ = {
			isa = XCBuildConfiguration;
			buildSettings = {
				ALWAYS_SEARCH_USER_PATHS = NO;
				CLANG_ANALYZER_NONNULL = YES;
				CLANG_CXX_LANGUAGE_STANDARD = "gnu++0x";
				CLANG_CXX_LIBRARY = "libc++";
				CLANG_ENABLE_MODULES = YES;
				CLANG_ENABLE_OBJC_ARC = YES;
				CLANG_WARN_BOOL_CONVERSION = YES;
				CLANG_WARN_CONSTANT_CONVERSION = YES;
				CLANG_WARN_DIRECT_OBJC_ISA_USAGE = YES_ERROR;
				CLANG_WARN_EMPTY_BODY = YES;
				CLANG_WARN_ENUM_CONVERSION = YES;
				CLANG_WARN_INT_CONVERSION = YES;
				CLANG_WARN_OBJC_ROOT_CLASS = YES_ERROR;
				CLANG_WARN_UNREACHABLE_CODE = YES;
				CLANG_WARN__DUPLICATE_METHOD_MATCH = YES;
				"CODE_SIGN_IDENTITY[sdk=iphoneos*]" = "iPhone Developer";
				COPY_PHASE_STRIP = NO;
				DEBUG_INFORMATION_FORMAT = "dwarf-with-dsym";
				ENABLE_NS_ASSERTIONS = NO;
				ENABLE_STRICT_OBJC_MSGSEND = YES;
				GCC_C_LANGUAGE_STANDARD = gnu99;
				GCC_NO_COMMON_BLOCKS = YES;
				GCC_WARN_64_TO_32_BIT_CONVERSION = YES;
				GCC_WARN_ABOUT_RETURN_TYPE = YES_ERROR;
				GCC_WARN_UNDECLARED_SELECTOR = YES;
				GCC_WARN_UNINITIALIZED_AUTOS = YES_AGGRESSIVE;
				GCC_WARN_UNUSED_FUNCTION = YES;
				GCC_WARN_UNUSED_VARIABLE = YES;
				IPHONEOS_DEPLOYMENT_TARGET = 9.3;
				MTL_ENABLE_DEBUG_INFO = NO;
				SDKROOT = iphoneos;
				TARGETED_DEVICE_FAMILY = "1,2";
				VALIDATE_PRODUCT = YES;
			};
			name = Release;
		};
		A0E9E8AF1E439F3400956CE9 /* Debug */ = {
			isa = XCBuildConfiguration;
			buildSettings = {
				ASSETCATALOG_COMPILER_APPICON_NAME = AppIcon;
				INFOPLIST_FILE = FK_Simple_Calculator/Info.plist;
				LD_RUNPATH_SEARCH_PATHS = "$(inherited) @executable_path/Frameworks";
				PRODUCT_BUNDLE_IDENTIFIER = "fk16aau.FK-Simple-Calculator";
				PRODUCT_NAME = "$(TARGET_NAME)";
			};
			name = Debug;
		};
		A0E9E8B01E439F3400956CE9 /* Release */ = {
			isa = XCBuildConfiguration;
			buildSettings = {
				ASSETCATALOG_COMPILER_APPICON_NAME = AppIcon;
				INFOPLIST_FILE = FK_Simple_Calculator/Info.plist;
				LD_RUNPATH_SEARCH_PATHS = "$(inherited) @executable_path/Frameworks";
				PRODUCT_BUNDLE_IDENTIFIER = "fk16aau.FK-Simple-Calculator";
				PRODUCT_NAME = "$(TARGET_NAME)";
			};
			name = Release;
		};
		A0E9E8B21E439F3400956CE9 /* Debug */ = {
			isa = XCBuildConfiguration;
			buildSettings = {
				BUNDLE_LOADER = "$(TEST_HOST)";
				INFOPLIST_FILE = FK_Simple_CalculatorTests/Info.plist;
				LD_RUNPATH_SEARCH_PATHS = "$(inherited) @executable_path/Frameworks @loader_path/Frameworks";
				PRODUCT_BUNDLE_IDENTIFIER = "fk16aau.FK-Simple-CalculatorTests";
				PRODUCT_NAME = "$(TARGET_NAME)";
				TEST_HOST = "$(BUILT_PRODUCTS_DIR)/FK_Simple_Calculator.app/FK_Simple_Calculator";
			};
			name = Debug;
		};
		A0E9E8B31E439F3400956CE9 /* Release */ = {
			isa = XCBuildConfiguration;
			buildSettings = {
				BUNDLE_LOADER = "$(TEST_HOST)";
				INFOPLIST_FILE = FK_Simple_CalculatorTests/Info.plist;
				LD_RUNPATH_SEARCH_PATHS = "$(inherited) @executable_path/Frameworks @loader_path/Frameworks";
				PRODUCT_BUNDLE_IDENTIFIER = "fk16aau.FK-Simple-CalculatorTests";
				PRODUCT_NAME = "$(TARGET_NAME)";
				TEST_HOST = "$(BUILT_PRODUCTS_DIR)/FK_Simple_Calculator.app/FK_Simple_Calculator";
			};
			name = Release;
		};
		A0E9E8B51E439F3400956CE9 /* Debug */ = {
			isa = XCBuildConfiguration;
			buildSettings = {
				INFOPLIST_FILE = FK_Simple_CalculatorUITests/Info.plist;
				LD_RUNPATH_SEARCH_PATHS = "$(inherited) @executable_path/Frameworks @loader_path/Frameworks";
				PRODUCT_BUNDLE_IDENTIFIER = "fk16aau.FK-Simple-CalculatorUITests";
				PRODUCT_NAME = "$(TARGET_NAME)";
				TEST_TARGET_NAME = FK_Simple_Calculator;
			};
			name = Debug;
		};
		A0E9E8B61E439F3400956CE9 /* Release */ = {
			isa = XCBuildConfiguration;
			buildSettings = {
				INFOPLIST_FILE = FK_Simple_CalculatorUITests/Info.plist;
				LD_RUNPATH_SEARCH_PATHS = "$(inherited) @executable_path/Frameworks @loader_path/Frameworks";
				PRODUCT_BUNDLE_IDENTIFIER = "fk16aau.FK-Simple-CalculatorUITests";
				PRODUCT_NAME = "$(TARGET_NAME)";
				TEST_TARGET_NAME = FK_Simple_Calculator;
			};
			name = Release;
		};
/* End XCBuildConfiguration section */

/* Begin XCConfigurationList section */
		A0E9E8811E439F3400956CE9 /* Build configuration list for PBXProject "FK_Simple_Calculator" */ = {
			isa = XCConfigurationList;
			buildConfigurations = (
				A0E9E8AC1E439F3400956CE9 /* Debug */,
				A0E9E8AD1E439F3400956CE9 /* Release */,
			);
			defaultConfigurationIsVisible = 0;
			defaultConfigurationName = Release;
		};
		A0E9E8AE1E439F3400956CE9 /* Build configuration list for PBXNativeTarget "FK_Simple_Calculator" */ = {
			isa = XCConfigurationList;
			buildConfigurations = (
				A0E9E8AF1E439F3400956CE9 /* Debug */,
				A0E9E8B01E439F3400956CE9 /* Release */,
			);
			defaultConfigurationIsVisible = 0;
			defaultConfigurationName = Release;
		};
		A0E9E8B11E439F3400956CE9 /* Build configuration list for PBXNativeTarget "FK_Simple_CalculatorTests" */ = {
			isa = XCConfigurationList;
			buildConfigurations = (
				A0E9E8B21E439F3400956CE9 /* Debug */,
				A0E9E8B31E439F3400956CE9 /* Release */,
			);
			defaultConfigurationIsVisible = 0;
			defaultConfigurationName = Release;
		};
		A0E9E8B41E439F3400956CE9 /* Build configuration list for PBXNativeTarget "FK_Simple_CalculatorUITests" */ = {
			isa = XCConfigurationList;
			buildConfigurations = (
				A0E9E8B51E439F3400956CE9 /* Debug */,
				A0E9E8B61E439F3400956CE9 /* Release */,
			);
			defaultConfigurationIsVisible = 0;
			defaultConfigurationName = Release;
		};
/* End XCConfigurationList section */
	};
	rootObject = A0E9E87E1E439F3400956CE9 /* Project object */;
}
